
Microsoft Visual Studio Solution File, Format Version 12.00
# Visual Studio Version 16
VisualStudioVersion = 16.0.30320.27
MinimumVisualStudioVersion = 10.0.40219.1
Project("{9A19103F-16F7-4668-BE54-9A1E7A4F7556}") = "CloudPic.Models", "CloudPic.Models\CloudPic.Models.csproj", "{DB33B7AA-162F-4D10-92F1-2FBA42D19440}"
EndProject
Project("{9A19103F-16F7-4668-BE54-9A1E7A4F7556}") = "CloudPic.DAL", "CloudPic.DAL\CloudPic.DAL.csproj", "{212A0B72-4C6A-4B89-ADED-3D1BF6A890C2}"
EndProject
Project("{9A19103F-16F7-4668-BE54-9A1E7A4F7556}") = "CloudPic.Web", "CloudPic.Web\CloudPic.Web.csproj", "{BEC9AFC5-BA6D-44C6-A699-B976D9E7568C}"
EndProject
Project("{9A19103F-16F7-4668-BE54-9A1E7A4F7556}") = "CloudPic.BAL", "CloudPic.BAL\CloudPic.BAL.csproj", "{176833A3-A83F-4213-94F0-0467E91525ED}"
EndProject
Project("{FAE04EC0-301F-11D3-BF4B-00C04F79EFBC}") = "CloudPic.Tests", "CloudPic.Tests\CloudPic.Tests.csproj", "{AE2C634C-4417-465C-970A-DB9D9E7AB040}"
EndProject
Global
	GlobalSection(SolutionConfigurationPlatforms) = preSolution
		Debug|Any CPU = Debug|Any CPU
		Release|Any CPU = Release|Any CPU
	EndGlobalSection
	GlobalSection(ProjectConfigurationPlatforms) = postSolution
		{DB33B7AA-162F-4D10-92F1-2FBA42D19440}.Debug|Any CPU.ActiveCfg = Debug|Any CPU
		{DB33B7AA-162F-4D10-92F1-2FBA42D19440}.Debug|Any CPU.Build.0 = Debug|Any CPU
		{DB33B7AA-162F-4D10-92F1-2FBA42D19440}.Release|Any CPU.ActiveCfg = Release|Any CPU
		{DB33B7AA-162F-4D10-92F1-2FBA42D19440}.Release|Any CPU.Build.0 = Release|Any CPU
		{212A0B72-4C6A-4B89-ADED-3D1BF6A890C2}.Debug|Any CPU.ActiveCfg = Debug|Any CPU
		{212A0B72-4C6A-4B89-ADED-3D1BF6A890C2}.Debug|Any CPU.Build.0 = Debug|Any CPU
		{212A0B72-4C6A-4B89-ADED-3D1BF6A890C2}.Release|Any CPU.ActiveCfg = Release|Any CPU
		{212A0B72-4C6A-4B89-ADED-3D1BF6A890C2}.Release|Any CPU.Build.0 = Release|Any CPU
		{BEC9AFC5-BA6D-44C6-A699-B976D9E7568C}.Debug|Any CPU.ActiveCfg = Debug|Any CPU
		{BEC9AFC5-BA6D-44C6-A699-B976D9E7568C}.Debug|Any CPU.Build.0 = Debug|Any CPU
		{BEC9AFC5-BA6D-44C6-A699-B976D9E7568C}.Release|Any CPU.ActiveCfg = Release|Any CPU
		{BEC9AFC5-BA6D-44C6-A699-B976D9E7568C}.Release|Any CPU.Build.0 = Release|Any CPU
		{176833A3-A83F-4213-94F0-0467E91525ED}.Debug|Any CPU.ActiveCfg = Debug|Any CPU
		{176833A3-A83F-4213-94F0-0467E91525ED}.Debug|Any CPU.Build.0 = Debug|Any CPU
		{176833A3-A83F-4213-94F0-0467E91525ED}.Release|Any CPU.ActiveCfg = Release|Any CPU
		{176833A3-A83F-4213-94F0-0467E91525ED}.Release|Any CPU.Build.0 = Release|Any CPU
		{AE2C634C-4417-465C-970A-DB9D9E7AB040}.Debug|Any CPU.ActiveCfg = Debug|Any CPU
		{AE2C634C-4417-465C-970A-DB9D9E7AB040}.Debug|Any CPU.Build.0 = Debug|Any CPU
		{AE2C634C-4417-465C-970A-DB9D9E7AB040}.Release|Any CPU.ActiveCfg = Release|Any CPU
		{AE2C634C-4417-465C-970A-DB9D9E7AB040}.Release|Any CPU.Build.0 = Release|Any CPU
	EndGlobalSection
	GlobalSection(SolutionProperties) = preSolution
		HideSolutionNode = FALSE
	EndGlobalSection
	GlobalSection(ExtensibilityGlobals) = postSolution
		SolutionGuid = {F9B8F65A-F07D-4057-B3AF-9B4D7491F80F}
	EndGlobalSection
EndGlobal
